// !$*UTF8*$!
{
	archiveVersion = 1;
	classes = {
	};
	objectVersion = 55;
	objects = {

/* Begin PBXBuildFile section */
		1787242C2783B53100B4BBFC /* ShowMeTheMusicApp.swift in Sources */ = {isa = PBXBuildFile; fileRef = 1787242B2783B53100B4BBFC /* ShowMeTheMusicApp.swift */; };
		1787242E2783B53100B4BBFC /* ContentView.swift in Sources */ = {isa = PBXBuildFile; fileRef = 1787242D2783B53100B4BBFC /* ContentView.swift */; };
		178724302783B53200B4BBFC /* Assets.xcassets in Resources */ = {isa = PBXBuildFile; fileRef = 1787242F2783B53200B4BBFC /* Assets.xcassets */; };
		178724332783B53200B4BBFC /* Preview Assets.xcassets in Resources */ = {isa = PBXBuildFile; fileRef = 178724322783B53200B4BBFC /* Preview Assets.xcassets */; };
		178724412783BC5D00B4BBFC /* WidgetKit.framework in Frameworks */ = {isa = PBXBuildFile; fileRef = 178724402783BC5D00B4BBFC /* WidgetKit.framework */; platformFilter = maccatalyst; };
		178724432783BC5D00B4BBFC /* SwiftUI.framework in Frameworks */ = {isa = PBXBuildFile; fileRef = 178724422783BC5D00B4BBFC /* SwiftUI.framework */; platformFilter = maccatalyst; };
		178724462783BC5D00B4BBFC /* NowPlaying.swift in Sources */ = {isa = PBXBuildFile; fileRef = 178724452783BC5D00B4BBFC /* NowPlaying.swift */; };
		178724492783BC5E00B4BBFC /* Assets.xcassets in Resources */ = {isa = PBXBuildFile; fileRef = 178724482783BC5E00B4BBFC /* Assets.xcassets */; };
		1787244C2783BC5E00B4BBFC /* NowPlaying.intentdefinition in Sources */ = {isa = PBXBuildFile; fileRef = 178724472783BC5D00B4BBFC /* NowPlaying.intentdefinition */; };
		1787244D2783BC5E00B4BBFC /* NowPlaying.intentdefinition in Sources */ = {isa = PBXBuildFile; fileRef = 178724472783BC5D00B4BBFC /* NowPlaying.intentdefinition */; };
		178724502783BC5E00B4BBFC /* NowPlayingExtension.appex in Embed App Extensions */ = {isa = PBXBuildFile; fileRef = 1787243E2783BC5D00B4BBFC /* NowPlayingExtension.appex */; settings = {ATTRIBUTES = (RemoveHeadersOnCopy, ); }; };
		178724562783D99100B4BBFC /* NowPlayingHelper.swift in Sources */ = {isa = PBXBuildFile; fileRef = 178724552783D5C400B4BBFC /* NowPlayingHelper.swift */; };
/* End PBXBuildFile section */

/* Begin PBXContainerItemProxy section */
		1787244E2783BC5E00B4BBFC /* PBXContainerItemProxy */ = {
			isa = PBXContainerItemProxy;
			containerPortal = 178724202783B53100B4BBFC /* Project object */;
			proxyType = 1;
			remoteGlobalIDString = 1787243D2783BC5D00B4BBFC;
			remoteInfo = NowPlayingExtension;
		};
/* End PBXContainerItemProxy section */

/* Begin PBXCopyFilesBuildPhase section */
		178724542783BC5E00B4BBFC /* Embed App Extensions */ = {
			isa = PBXCopyFilesBuildPhase;
			buildActionMask = 2147483647;
			dstPath = "";
			dstSubfolderSpec = 13;
			files = (
				178724502783BC5E00B4BBFC /* NowPlayingExtension.appex in Embed App Extensions */,
			);
			name = "Embed App Extensions";
			runOnlyForDeploymentPostprocessing = 0;
		};
/* End PBXCopyFilesBuildPhase section */

/* Begin PBXFileReference section */
		178724282783B53100B4BBFC /* ShowMeTheMusic.app */ = {isa = PBXFileReference; explicitFileType = wrapper.application; includeInIndex = 0; path = ShowMeTheMusic.app; sourceTree = BUILT_PRODUCTS_DIR; };
		1787242B2783B53100B4BBFC /* ShowMeTheMusicApp.swift */ = {isa = PBXFileReference; lastKnownFileType = sourcecode.swift; path = ShowMeTheMusicApp.swift; sourceTree = "<group>"; };
		1787242D2783B53100B4BBFC /* ContentView.swift */ = {isa = PBXFileReference; lastKnownFileType = sourcecode.swift; path = ContentView.swift; sourceTree = "<group>"; };
		1787242F2783B53200B4BBFC /* Assets.xcassets */ = {isa = PBXFileReference; lastKnownFileType = folder.assetcatalog; path = Assets.xcassets; sourceTree = "<group>"; };
		178724322783B53200B4BBFC /* Preview Assets.xcassets */ = {isa = PBXFileReference; lastKnownFileType = folder.assetcatalog; path = "Preview Assets.xcassets"; sourceTree = "<group>"; };
		178724342783B53200B4BBFC /* ShowMeTheMusic.entitlements */ = {isa = PBXFileReference; lastKnownFileType = text.plist.entitlements; path = ShowMeTheMusic.entitlements; sourceTree = "<group>"; };
		1787243E2783BC5D00B4BBFC /* NowPlayingExtension.appex */ = {isa = PBXFileReference; explicitFileType = "wrapper.app-extension"; includeInIndex = 0; path = NowPlayingExtension.appex; sourceTree = BUILT_PRODUCTS_DIR; };
		178724402783BC5D00B4BBFC /* WidgetKit.framework */ = {isa = PBXFileReference; lastKnownFileType = wrapper.framework; name = WidgetKit.framework; path = System/Library/Frameworks/WidgetKit.framework; sourceTree = SDKROOT; };
		178724422783BC5D00B4BBFC /* SwiftUI.framework */ = {isa = PBXFileReference; lastKnownFileType = wrapper.framework; name = SwiftUI.framework; path = System/Library/Frameworks/SwiftUI.framework; sourceTree = SDKROOT; };
		178724452783BC5D00B4BBFC /* NowPlaying.swift */ = {isa = PBXFileReference; lastKnownFileType = sourcecode.swift; path = NowPlaying.swift; sourceTree = "<group>"; };
		178724472783BC5D00B4BBFC /* NowPlaying.intentdefinition */ = {isa = PBXFileReference; lastKnownFileType = file.intentdefinition; path = NowPlaying.intentdefinition; sourceTree = "<group>"; };
		178724482783BC5E00B4BBFC /* Assets.xcassets */ = {isa = PBXFileReference; lastKnownFileType = folder.assetcatalog; path = Assets.xcassets; sourceTree = "<group>"; };
		1787244A2783BC5E00B4BBFC /* Info.plist */ = {isa = PBXFileReference; lastKnownFileType = text.plist.xml; path = Info.plist; sourceTree = "<group>"; };
		1787244B2783BC5E00B4BBFC /* NowPlaying.entitlements */ = {isa = PBXFileReference; lastKnownFileType = text.plist.entitlements; path = NowPlaying.entitlements; sourceTree = "<group>"; };
		178724552783D5C400B4BBFC /* NowPlayingHelper.swift */ = {isa = PBXFileReference; lastKnownFileType = sourcecode.swift; path = NowPlayingHelper.swift; sourceTree = "<group>"; };
/* End PBXFileReference section */

/* Begin PBXFrameworksBuildPhase section */
		178724252783B53100B4BBFC /* Frameworks */ = {
			isa = PBXFrameworksBuildPhase;
			buildActionMask = 2147483647;
			files = (
			);
			runOnlyForDeploymentPostprocessing = 0;
		};
		1787243B2783BC5D00B4BBFC /* Frameworks */ = {
			isa = PBXFrameworksBuildPhase;
			buildActionMask = 2147483647;
			files = (
				178724432783BC5D00B4BBFC /* SwiftUI.framework in Frameworks */,
				178724412783BC5D00B4BBFC /* WidgetKit.framework in Frameworks */,
			);
			runOnlyForDeploymentPostprocessing = 0;
		};
/* End PBXFrameworksBuildPhase section */

/* Begin PBXGroup section */
		1787241F2783B53100B4BBFC = {
			isa = PBXGroup;
			children = (
				1787242A2783B53100B4BBFC /* ShowMeTheMusic */,
				178724442783BC5D00B4BBFC /* NowPlaying */,
				1787243F2783BC5D00B4BBFC /* Frameworks */,
				178724292783B53100B4BBFC /* Products */,
			);
			sourceTree = "<group>";
		};
		178724292783B53100B4BBFC /* Products */ = {
			isa = PBXGroup;
			children = (
				178724282783B53100B4BBFC /* ShowMeTheMusic.app */,
				1787243E2783BC5D00B4BBFC /* NowPlayingExtension.appex */,
			);
			name = Products;
			sourceTree = "<group>";
		};
		1787242A2783B53100B4BBFC /* ShowMeTheMusic */ = {
			isa = PBXGroup;
			children = (
				1787242B2783B53100B4BBFC /* ShowMeTheMusicApp.swift */,
				1787242D2783B53100B4BBFC /* ContentView.swift */,
				1787242F2783B53200B4BBFC /* Assets.xcassets */,
				178724342783B53200B4BBFC /* ShowMeTheMusic.entitlements */,
				178724312783B53200B4BBFC /* Preview Content */,
			);
			path = ShowMeTheMusic;
			sourceTree = "<group>";
		};
		178724312783B53200B4BBFC /* Preview Content */ = {
			isa = PBXGroup;
			children = (
				178724322783B53200B4BBFC /* Preview Assets.xcassets */,
			);
			path = "Preview Content";
			sourceTree = "<group>";
		};
		1787243F2783BC5D00B4BBFC /* Frameworks */ = {
			isa = PBXGroup;
			children = (
				178724402783BC5D00B4BBFC /* WidgetKit.framework */,
				178724422783BC5D00B4BBFC /* SwiftUI.framework */,
			);
			name = Frameworks;
			sourceTree = "<group>";
		};
		178724442783BC5D00B4BBFC /* NowPlaying */ = {
			isa = PBXGroup;
			children = (
				178724452783BC5D00B4BBFC /* NowPlaying.swift */,
				178724472783BC5D00B4BBFC /* NowPlaying.intentdefinition */,
				178724482783BC5E00B4BBFC /* Assets.xcassets */,
				1787244A2783BC5E00B4BBFC /* Info.plist */,
				1787244B2783BC5E00B4BBFC /* NowPlaying.entitlements */,
				178724552783D5C400B4BBFC /* NowPlayingHelper.swift */,
			);
			path = NowPlaying;
			sourceTree = "<group>";
		};
/* End PBXGroup section */

/* Begin PBXNativeTarget section */
		178724272783B53100B4BBFC /* ShowMeTheMusic */ = {
			isa = PBXNativeTarget;
			buildConfigurationList = 178724372783B53200B4BBFC /* Build configuration list for PBXNativeTarget "ShowMeTheMusic" */;
			buildPhases = (
				178724242783B53100B4BBFC /* Sources */,
				178724252783B53100B4BBFC /* Frameworks */,
				178724262783B53100B4BBFC /* Resources */,
				178724542783BC5E00B4BBFC /* Embed App Extensions */,
			);
			buildRules = (
			);
			dependencies = (
				1787244F2783BC5E00B4BBFC /* PBXTargetDependency */,
			);
			name = ShowMeTheMusic;
			productName = ShowMeTheMusic;
			productReference = 178724282783B53100B4BBFC /* ShowMeTheMusic.app */;
			productType = "com.apple.product-type.application";
		};
		1787243D2783BC5D00B4BBFC /* NowPlayingExtension */ = {
			isa = PBXNativeTarget;
			buildConfigurationList = 178724512783BC5E00B4BBFC /* Build configuration list for PBXNativeTarget "NowPlayingExtension" */;
			buildPhases = (
				1787243A2783BC5D00B4BBFC /* Sources */,
				1787243B2783BC5D00B4BBFC /* Frameworks */,
				1787243C2783BC5D00B4BBFC /* Resources */,
			);
			buildRules = (
			);
			dependencies = (
			);
			name = NowPlayingExtension;
			productName = NowPlayingExtension;
			productReference = 1787243E2783BC5D00B4BBFC /* NowPlayingExtension.appex */;
			productType = "com.apple.product-type.app-extension";
		};
/* End PBXNativeTarget section */

/* Begin PBXProject section */
		178724202783B53100B4BBFC /* Project object */ = {
			isa = PBXProject;
			attributes = {
				BuildIndependentTargetsInParallel = 1;
				LastSwiftUpdateCheck = 1320;
				LastUpgradeCheck = 1320;
				TargetAttributes = {
					178724272783B53100B4BBFC = {
						CreatedOnToolsVersion = 13.2.1;
					};
					1787243D2783BC5D00B4BBFC = {
						CreatedOnToolsVersion = 13.2.1;
					};
				};
			};
			buildConfigurationList = 178724232783B53100B4BBFC /* Build configuration list for PBXProject "ShowMeTheMusic" */;
			compatibilityVersion = "Xcode 13.0";
			developmentRegion = en;
			hasScannedForEncodings = 0;
			knownRegions = (
				en,
				Base,
			);
			mainGroup = 1787241F2783B53100B4BBFC;
			productRefGroup = 178724292783B53100B4BBFC /* Products */;
			projectDirPath = "";
			projectRoot = "";
			targets = (
				178724272783B53100B4BBFC /* ShowMeTheMusic */,
				1787243D2783BC5D00B4BBFC /* NowPlayingExtension */,
			);
		};
/* End PBXProject section */

/* Begin PBXResourcesBuildPhase section */
		178724262783B53100B4BBFC /* Resources */ = {
			isa = PBXResourcesBuildPhase;
			buildActionMask = 2147483647;
			files = (
				178724332783B53200B4BBFC /* Preview Assets.xcassets in Resources */,
				178724302783B53200B4BBFC /* Assets.xcassets in Resources */,
			);
			runOnlyForDeploymentPostprocessing = 0;
		};
		1787243C2783BC5D00B4BBFC /* Resources */ = {
			isa = PBXResourcesBuildPhase;
			buildActionMask = 2147483647;
			files = (
				178724492783BC5E00B4BBFC /* Assets.xcassets in Resources */,
			);
			runOnlyForDeploymentPostprocessing = 0;
		};
/* End PBXResourcesBuildPhase section */

/* Begin PBXSourcesBuildPhase section */
		178724242783B53100B4BBFC /* Sources */ = {
			isa = PBXSourcesBuildPhase;
			buildActionMask = 2147483647;
			files = (
				1787244D2783BC5E00B4BBFC /* NowPlaying.intentdefinition in Sources */,
				1787242E2783B53100B4BBFC /* ContentView.swift in Sources */,
				1787242C2783B53100B4BBFC /* ShowMeTheMusicApp.swift in Sources */,
			);
			runOnlyForDeploymentPostprocessing = 0;
		};
		1787243A2783BC5D00B4BBFC /* Sources */ = {
			isa = PBXSourcesBuildPhase;
			buildActionMask = 2147483647;
			files = (
				178724562783D99100B4BBFC /* NowPlayingHelper.swift in Sources */,
				1787244C2783BC5E00B4BBFC /* NowPlaying.intentdefinition in Sources */,
				178724462783BC5D00B4BBFC /* NowPlaying.swift in Sources */,
			);
			runOnlyForDeploymentPostprocessing = 0;
		};
/* End PBXSourcesBuildPhase section */

/* Begin PBXTargetDependency section */
		1787244F2783BC5E00B4BBFC /* PBXTargetDependency */ = {
			isa = PBXTargetDependency;
			target = 1787243D2783BC5D00B4BBFC /* NowPlayingExtension */;
			targetProxy = 1787244E2783BC5E00B4BBFC /* PBXContainerItemProxy */;
		};
/* End PBXTargetDependency section */

/* Begin XCBuildConfiguration section */
		178724352783B53200B4BBFC /* Debug */ = {
			isa = XCBuildConfiguration;
			buildSettings = {
				ALWAYS_SEARCH_USER_PATHS = NO;
				CLANG_ANALYZER_NONNULL = YES;
				CLANG_ANALYZER_NUMBER_OBJECT_CONVERSION = YES_AGGRESSIVE;
				CLANG_CXX_LANGUAGE_STANDARD = "gnu++17";
				CLANG_CXX_LIBRARY = "libc++";
				CLANG_ENABLE_MODULES = YES;
				CLANG_ENABLE_OBJC_ARC = YES;
				CLANG_ENABLE_OBJC_WEAK = YES;
				CLANG_WARN_BLOCK_CAPTURE_AUTORELEASING = YES;
				CLANG_WARN_BOOL_CONVERSION = YES;
				CLANG_WARN_COMMA = YES;
				CLANG_WARN_CONSTANT_CONVERSION = YES;
				CLANG_WARN_DEPRECATED_OBJC_IMPLEMENTATIONS = YES;
				CLANG_WARN_DIRECT_OBJC_ISA_USAGE = YES_ERROR;
				CLANG_WARN_DOCUMENTATION_COMMENTS = YES;
				CLANG_WARN_EMPTY_BODY = YES;
				CLANG_WARN_ENUM_CONVERSION = YES;
				CLANG_WARN_INFINITE_RECURSION = YES;
				CLANG_WARN_INT_CONVERSION = YES;
				CLANG_WARN_NON_LITERAL_NULL_CONVERSION = YES;
				CLANG_WARN_OBJC_IMPLICIT_RETAIN_SELF = YES;
				CLANG_WARN_OBJC_LITERAL_CONVERSION = YES;
				CLANG_WARN_OBJC_ROOT_CLASS = YES_ERROR;
				CLANG_WARN_QUOTED_INCLUDE_IN_FRAMEWORK_HEADER = YES;
				CLANG_WARN_RANGE_LOOP_ANALYSIS = YES;
				CLANG_WARN_STRICT_PROTOTYPES = YES;
				CLANG_WARN_SUSPICIOUS_MOVE = YES;
				CLANG_WARN_UNGUARDED_AVAILABILITY = YES_AGGRESSIVE;
				CLANG_WARN_UNREACHABLE_CODE = YES;
				CLANG_WARN__DUPLICATE_METHOD_MATCH = YES;
				COPY_PHASE_STRIP = NO;
				DEBUG_INFORMATION_FORMAT = dwarf;
				ENABLE_STRICT_OBJC_MSGSEND = YES;
				ENABLE_TESTABILITY = YES;
				GCC_C_LANGUAGE_STANDARD = gnu11;
				GCC_DYNAMIC_NO_PIC = NO;
				GCC_NO_COMMON_BLOCKS = YES;
				GCC_OPTIMIZATION_LEVEL = 0;
				GCC_PREPROCESSOR_DEFINITIONS = (
					"DEBUG=1",
					"$(inherited)",
				);
				GCC_WARN_64_TO_32_BIT_CONVERSION = YES;
				GCC_WARN_ABOUT_RETURN_TYPE = YES_ERROR;
				GCC_WARN_UNDECLARED_SELECTOR = YES;
				GCC_WARN_UNINITIALIZED_AUTOS = YES_AGGRESSIVE;
				GCC_WARN_UNUSED_FUNCTION = YES;
				GCC_WARN_UNUSED_VARIABLE = YES;
				MACOSX_DEPLOYMENT_TARGET = 12.0;
				MTL_ENABLE_DEBUG_INFO = INCLUDE_SOURCE;
				MTL_FAST_MATH = YES;
				ONLY_ACTIVE_ARCH = YES;
				SDKROOT = macosx;
				SWIFT_ACTIVE_COMPILATION_CONDITIONS = DEBUG;
				SWIFT_OPTIMIZATION_LEVEL = "-Onone";
			};
			name = Debug;
		};
		178724362783B53200B4BBFC /* Release */ = {
			isa = XCBuildConfiguration;
			buildSettings = {
				ALWAYS_SEARCH_USER_PATHS = NO;
				CLANG_ANALYZER_NONNULL = YES;
				CLANG_ANALYZER_NUMBER_OBJECT_CONVERSION = YES_AGGRESSIVE;
				CLANG_CXX_LANGUAGE_STANDARD = "gnu++17";
				CLANG_CXX_LIBRARY = "libc++";
				CLANG_ENABLE_MODULES = YES;
				CLANG_ENABLE_OBJC_ARC = YES;
				CLANG_ENABLE_OBJC_WEAK = YES;
				CLANG_WARN_BLOCK_CAPTURE_AUTORELEASING = YES;
				CLANG_WARN_BOOL_CONVERSION = YES;
				CLANG_WARN_COMMA = YES;
				CLANG_WARN_CONSTANT_CONVERSION = YES;
				CLANG_WARN_DEPRECATED_OBJC_IMPLEMENTATIONS = YES;
				CLANG_WARN_DIRECT_OBJC_ISA_USAGE = YES_ERROR;
				CLANG_WARN_DOCUMENTATION_COMMENTS = YES;
				CLANG_WARN_EMPTY_BODY = YES;
				CLANG_WARN_ENUM_CONVERSION = YES;
				CLANG_WARN_INFINITE_RECURSION = YES;
				CLANG_WARN_INT_CONVERSION = YES;
				CLANG_WARN_NON_LITERAL_NULL_CONVERSION = YES;
				CLANG_WARN_OBJC_IMPLICIT_RETAIN_SELF = YES;
				CLANG_WARN_OBJC_LITERAL_CONVERSION = YES;
				CLANG_WARN_OBJC_ROOT_CLASS = YES_ERROR;
				CLANG_WARN_QUOTED_INCLUDE_IN_FRAMEWORK_HEADER = YES;
				CLANG_WARN_RANGE_LOOP_ANALYSIS = YES;
				CLANG_WARN_STRICT_PROTOTYPES = YES;
				CLANG_WARN_SUSPICIOUS_MOVE = YES;
				CLANG_WARN_UNGUARDED_AVAILABILITY = YES_AGGRESSIVE;
				CLANG_WARN_UNREACHABLE_CODE = YES;
				CLANG_WARN__DUPLICATE_METHOD_MATCH = YES;
				COPY_PHASE_STRIP = NO;
				DEBUG_INFORMATION_FORMAT = "dwarf-with-dsym";
				ENABLE_NS_ASSERTIONS = NO;
				ENABLE_STRICT_OBJC_MSGSEND = YES;
				GCC_C_LANGUAGE_STANDARD = gnu11;
				GCC_NO_COMMON_BLOCKS = YES;
				GCC_WARN_64_TO_32_BIT_CONVERSION = YES;
				GCC_WARN_ABOUT_RETURN_TYPE = YES_ERROR;
				GCC_WARN_UNDECLARED_SELECTOR = YES;
				GCC_WARN_UNINITIALIZED_AUTOS = YES_AGGRESSIVE;
				GCC_WARN_UNUSED_FUNCTION = YES;
				GCC_WARN_UNUSED_VARIABLE = YES;
				MACOSX_DEPLOYMENT_TARGET = 12.0;
				MTL_ENABLE_DEBUG_INFO = NO;
				MTL_FAST_MATH = YES;
				SDKROOT = macosx;
				SWIFT_COMPILATION_MODE = wholemodule;
				SWIFT_OPTIMIZATION_LEVEL = "-O";
			};
			name = Release;
		};
		178724382783B53200B4BBFC /* Debug */ = {
			isa = XCBuildConfiguration;
			buildSettings = {
				ALWAYS_EMBED_SWIFT_STANDARD_LIBRARIES = YES;
				ASSETCATALOG_COMPILER_APPICON_NAME = AppIcon;
				ASSETCATALOG_COMPILER_GLOBAL_ACCENT_COLOR_NAME = AccentColor;
				CODE_SIGN_ENTITLEMENTS = ShowMeTheMusic/ShowMeTheMusic.entitlements;
				CODE_SIGN_STYLE = Automatic;
				COMBINE_HIDPI_IMAGES = YES;
				CURRENT_PROJECT_VERSION = 1;
				DEVELOPMENT_ASSET_PATHS = "\"ShowMeTheMusic/Preview Content\"";
				DEVELOPMENT_TEAM = 7M4CBUW6C4;
				ENABLE_HARDENED_RUNTIME = YES;
				ENABLE_PREVIEWS = YES;
				GENERATE_INFOPLIST_FILE = YES;
				INFOPLIST_KEY_NSAppleMusicUsageDescription = "We will show the current playing song in the widget.";
				INFOPLIST_KEY_NSHumanReadableCopyright = "";
				LD_RUNPATH_SEARCH_PATHS = (
					"$(inherited)",
					"@executable_path/../Frameworks",
				);
				MARKETING_VERSION = 1.0;
				PRODUCT_BUNDLE_IDENTIFIER = link.anco.ShowMeTheMusic;
				PRODUCT_NAME = "$(TARGET_NAME)";
				SWIFT_EMIT_LOC_STRINGS = YES;
				SWIFT_VERSION = 5.0;
			};
			name = Debug;
		};
		178724392783B53200B4BBFC /* Release */ = {
			isa = XCBuildConfiguration;
			buildSettings = {
				ALWAYS_EMBED_SWIFT_STANDARD_LIBRARIES = YES;
				ASSETCATALOG_COMPILER_APPICON_NAME = AppIcon;
				ASSETCATALOG_COMPILER_GLOBAL_ACCENT_COLOR_NAME = AccentColor;
				CODE_SIGN_ENTITLEMENTS = ShowMeTheMusic/ShowMeTheMusic.entitlements;
				CODE_SIGN_STYLE = Automatic;
				COMBINE_HIDPI_IMAGES = YES;
				CURRENT_PROJECT_VERSION = 1;
				DEVELOPMENT_ASSET_PATHS = "\"ShowMeTheMusic/Preview Content\"";
				DEVELOPMENT_TEAM = 7M4CBUW6C4;
				ENABLE_HARDENED_RUNTIME = YES;
				ENABLE_PREVIEWS = YES;
				GENERATE_INFOPLIST_FILE = YES;
				INFOPLIST_KEY_NSAppleMusicUsageDescription = "We will show the current playing song in the widget.";
				INFOPLIST_KEY_NSHumanReadableCopyright = "";
				LD_RUNPATH_SEARCH_PATHS = (
					"$(inherited)",
					"@executable_path/../Frameworks",
				);
				MARKETING_VERSION = 1.0;
				PRODUCT_BUNDLE_IDENTIFIER = link.anco.ShowMeTheMusic;
				PRODUCT_NAME = "$(TARGET_NAME)";
				SWIFT_EMIT_LOC_STRINGS = YES;
				SWIFT_VERSION = 5.0;
			};
			name = Release;
		};
		178724522783BC5E00B4BBFC /* Debug */ = {
			isa = XCBuildConfiguration;
			buildSettings = {
				ASSETCATALOG_COMPILER_GLOBAL_ACCENT_COLOR_NAME = AccentColor;
				ASSETCATALOG_COMPILER_WIDGET_BACKGROUND_COLOR_NAME = WidgetBackground;
				CODE_SIGN_ENTITLEMENTS = NowPlaying/NowPlaying.entitlements;
				CODE_SIGN_STYLE = Automatic;
				CURRENT_PROJECT_VERSION = 1;
				DEVELOPMENT_TEAM = 7M4CBUW6C4;
				ENABLE_HARDENED_RUNTIME = YES;
				GENERATE_INFOPLIST_FILE = YES;
				INFOPLIST_FILE = NowPlaying/Info.plist;
				INFOPLIST_KEY_CFBundleDisplayName = NowPlaying;
				INFOPLIST_KEY_NSAppleMusicUsageDescription = "Show the currently playing music in the widget";
				INFOPLIST_KEY_NSHumanReadableCopyright = "";
				LD_RUNPATH_SEARCH_PATHS = (
					"$(inherited)",
					"@executable_path/../Frameworks",
					"@executable_path/../../../../Frameworks",
				);
				MACOSX_DEPLOYMENT_TARGET = 11.0;
				MARKETING_VERSION = 1.0;
				PRODUCT_BUNDLE_IDENTIFIER = link.anco.ShowMeTheMusic.NowPlaying;
				PRODUCT_NAME = "$(TARGET_NAME)";
				SKIP_INSTALL = YES;
				SWIFT_EMIT_LOC_STRINGS = YES;
				SWIFT_VERSION = 5.0;
			};
			name = Debug;
		};
		178724532783BC5E00B4BBFC /* Release */ = {
			isa = XCBuildConfiguration;
			buildSettings = {
				ASSETCATALOG_COMPILER_GLOBAL_ACCENT_COLOR_NAME = AccentColor;
				ASSETCATALOG_COMPILER_WIDGET_BACKGROUND_COLOR_NAME = WidgetBackground;
				CODE_SIGN_ENTITLEMENTS = NowPlaying/NowPlaying.entitlements;
				CODE_SIGN_STYLE = Automatic;
				CURRENT_PROJECT_VERSION = 1;
				DEVELOPMENT_TEAM = 7M4CBUW6C4;
				ENABLE_HARDENED_RUNTIME = YES;
				GENERATE_INFOPLIST_FILE = YES;
				INFOPLIST_FILE = NowPlaying/Info.plist;
				INFOPLIST_KEY_CFBundleDisplayName = NowPlaying;
				INFOPLIST_KEY_NSAppleMusicUsageDescription = "Show the currently playing music in the widget";
				INFOPLIST_KEY_NSHumanReadableCopyright = "";
				LD_RUNPATH_SEARCH_PATHS = (
					"$(inherited)",
					"@executable_path/../Frameworks",
					"@executable_path/../../../../Frameworks",
				);
				MACOSX_DEPLOYMENT_TARGET = 11.0;
				MARKETING_VERSION = 1.0;
				PRODUCT_BUNDLE_IDENTIFIER = link.anco.ShowMeTheMusic.NowPlaying;
				PRODUCT_NAME = "$(TARGET_NAME)";
				SKIP_INSTALL = YES;
				SWIFT_EMIT_LOC_STRINGS = YES;
				SWIFT_VERSION = 5.0;
			};
			name = Release;
		};
/* End XCBuildConfiguration section */

/* Begin XCConfigurationList section */
		178724232783B53100B4BBFC /* Build configuration list for PBXProject "ShowMeTheMusic" */ = {
			isa = XCConfigurationList;
			buildConfigurations = (
				178724352783B53200B4BBFC /* Debug */,
				178724362783B53200B4BBFC /* Release */,
			);
			defaultConfigurationIsVisible = 0;
			defaultConfigurationName = Release;
		};
		178724372783B53200B4BBFC /* Build configuration list for PBXNativeTarget "ShowMeTheMusic" */ = {
			isa = XCConfigurationList;
			buildConfigurations = (
				178724382783B53200B4BBFC /* Debug */,
				178724392783B53200B4BBFC /* Release */,
			);
			defaultConfigurationIsVisible = 0;
			defaultConfigurationName = Release;
		};
		178724512783BC5E00B4BBFC /* Build configuration list for PBXNativeTarget "NowPlayingExtension" */ = {
			isa = XCConfigurationList;
			buildConfigurations = (
				178724522783BC5E00B4BBFC /* Debug */,
				178724532783BC5E00B4BBFC /* Release */,
			);
			defaultConfigurationIsVisible = 0;
			defaultConfigurationName = Release;
		};
/* End XCConfigurationList section */
	};
	rootObject = 178724202783B53100B4BBFC /* Project object */;
}
